<?xml version="1.0" encoding="utf-8"?>
<Project ToolsVersion="4.0" xmlns="http://schemas.microsoft.com/developer/msbuild/2003">
  <ItemGroup>
    <Filter Include="Source Files">
      <UniqueIdentifier>{4FC737F1-C7A5-4376-A066-2A32D752A2FF}</UniqueIdentifier>
      <Extensions>cpp;c;cc;cxx;def;odl;idl;hpj;bat;asm;asmx</Extensions>
    </Filter>
    <Filter Include="Header Files">
      <UniqueIdentifier>{93995380-89BD-4b04-88EB-625FBE52EBFB}</UniqueIdentifier>
      <Extensions>h;hpp;hxx;hm;inl;inc;xsd</Extensions>
    </Filter>
    <Filter Include="Shader">
      <UniqueIdentifier>{67DA6AB6-F800-4c08-8B7A-83BB121AAD01}</UniqueIdentifier>
      <Extensions>rc;ico;cur;bmp;dlg;rc2;rct;bin;rgs;gif;jpg;jpeg;jpe;resx;tiff;tif;png;wav;mfcribbon-ms</Extensions>
    </Filter>
    <Filter Include="Header Files\Camera">
      <UniqueIdentifier>{5f41fd64-e36d-42d7-b3b2-7f62b054674a}</UniqueIdentifier>
    </Filter>
    <Filter Include="Header Files\GameObjects">
      <UniqueIdentifier>{40df83b1-7323-4918-a4ee-827ce7d71d11}</UniqueIdentifier>
    </Filter>
    <Filter Include="Header Files\Loaders">
      <UniqueIdentifier>{eaa42516-166a-44c2-a53a-d56ee058ad3f}</UniqueIdentifier>
    </Filter>
    <Filter Include="Header Files\Graphics">
      <UniqueIdentifier>{d75b030e-37db-4dd4-8d2d-f189b0cdb9dc}</UniqueIdentifier>
    </Filter>
    <Filter Include="Source Files\Camera">
      <UniqueIdentifier>{af7394d5-d6bd-41d4-8a95-bbaf74ad7be9}</UniqueIdentifier>
    </Filter>
    <Filter Include="Source Files\GameObjects">
      <UniqueIdentifier>{fe4c1fed-df50-464e-add3-c84a4949855a}</UniqueIdentifier>
    </Filter>
    <Filter Include="Source Files\Loaders">
      <UniqueIdentifier>{3462244f-e88c-48c6-b71e-dd08157c3c41}</UniqueIdentifier>
    </Filter>
    <Filter Include="Source Files\Graphics">
      <UniqueIdentifier>{5122bc50-5f1c-4626-aa63-247f45c470cf}</UniqueIdentifier>
    </Filter>
    <Filter Include="Header Files\MVC">
      <UniqueIdentifier>{e964a586-e051-4901-8130-bb468bc9e263}</UniqueIdentifier>
    </Filter>
    <Filter Include="Source Files\MVC">
      <UniqueIdentifier>{34a1e86a-40ba-4c46-a6f9-38ed957db99f}</UniqueIdentifier>
    </Filter>
    <Filter Include="Header Files\AI">
      <UniqueIdentifier>{0064917b-9056-42a7-b053-6337b5fada4d}</UniqueIdentifier>
    </Filter>
    <Filter Include="Source Files\AI">
      <UniqueIdentifier>{b844adde-dd63-4d91-baaa-f72cfea2d2e4}</UniqueIdentifier>
    </Filter>
    <Filter Include="Header Files\Characters">
      <UniqueIdentifier>{26f303dc-68f3-4c57-a76f-0fa7a5cd7027}</UniqueIdentifier>
    </Filter>
    <Filter Include="Source Files\Characters">
      <UniqueIdentifier>{0b3a2ab4-9f7f-43d2-b345-f8ae534b8249}</UniqueIdentifier>
    </Filter>
    <Filter Include="Header Files\Menu">
      <UniqueIdentifier>{0a0e3646-3c81-4624-9ecb-efbccad379ce}</UniqueIdentifier>
    </Filter>
    <Filter Include="Source Files\Menu">
      <UniqueIdentifier>{7897a99a-1cca-434d-8200-6b7c4d22f9e4}</UniqueIdentifier>
    </Filter>
    <Filter Include="Header Files\HUD">
      <UniqueIdentifier>{e3f8de4f-f3f3-4f0e-b223-79e8b9efcb48}</UniqueIdentifier>
    </Filter>
    <Filter Include="Source Files\HUD">
      <UniqueIdentifier>{5db677ca-5f32-46a3-b8ef-6642f7efa39e}</UniqueIdentifier>
    </Filter>
    <Filter Include="Header Files\States">
      <UniqueIdentifier>{3198a4c5-f917-487a-9e5f-5d71353ef050}</UniqueIdentifier>
    </Filter>
    <Filter Include="Source Files\States">
      <UniqueIdentifier>{370ac58b-06dc-424e-8c13-0d2ba95a2601}</UniqueIdentifier>
    </Filter>
    <Filter Include="States">
      <UniqueIdentifier>{f8ac9d8a-3e6a-4013-b202-ca97a3021913}</UniqueIdentifier>
    </Filter>
    <Filter Include="Header Files\States\NPCSpy">
      <UniqueIdentifier>{7633f748-13d7-4752-bb7c-c84957b51e81}</UniqueIdentifier>
    </Filter>
    <Filter Include="Source Files\States\NPCSpy">
      <UniqueIdentifier>{d0009159-07aa-48e5-920e-43dac91765f0}</UniqueIdentifier>
    </Filter>
    <Filter Include="Header Files\States\NPCCar">
      <UniqueIdentifier>{3976e732-ded5-4f5b-9b69-4c84e099ed66}</UniqueIdentifier>
    </Filter>
    <Filter Include="Source Files\States\Car">
      <UniqueIdentifier>{bc32e246-6a8e-4d14-84ae-cf177f6a4679}</UniqueIdentifier>
    </Filter>
    <Filter Include="Characters">
      <UniqueIdentifier>{13889be8-f8c5-4352-b558-73c3e1568b1a}</UniqueIdentifier>
    </Filter>
  </ItemGroup>
  <ItemGroup>
    <ClCompile Include="Source\main.cpp">
      <Filter>Source Files</Filter>
    </ClCompile>
    <ClCompile Include="Source\Utility.cpp">
      <Filter>Source Files</Filter>
    </ClCompile>
    <ClCompile Include="Source\Minimap.cpp">
      <Filter>Source Files</Filter>
    </ClCompile>
    <ClCompile Include="Source\Camera.cpp">
      <Filter>Source Files\Camera</Filter>
    </ClCompile>
    <ClCompile Include="Source\Camera2.cpp">
      <Filter>Source Files\Camera</Filter>
    </ClCompile>
    <ClCompile Include="Source\Camera3.cpp">
      <Filter>Source Files\Camera</Filter>
    </ClCompile>
    <ClCompile Include="Source\LoadHmap.cpp">
      <Filter>Source Files\Loaders</Filter>
    </ClCompile>
    <ClCompile Include="Source\LoadOBJ.cpp">
      <Filter>Source Files\Loaders</Filter>
    </ClCompile>
    <ClCompile Include="Source\LoadResource.cpp">
      <Filter>Source Files\Loaders</Filter>
    </ClCompile>
    <ClCompile Include="Source\LoadTGA.cpp">
      <Filter>Source Files\Loaders</Filter>
    </ClCompile>
    <ClCompile Include="Source\Mesh.cpp">
      <Filter>Source Files\Graphics</Filter>
    </ClCompile>
    <ClCompile Include="Source\MeshBuilder.cpp">
      <Filter>Source Files\Graphics</Filter>
    </ClCompile>
    <ClCompile Include="Source\shader.cpp">
      <Filter>Source Files\Graphics</Filter>
    </ClCompile>
    <ClCompile Include="Source\SpriteAnimation.cpp">
      <Filter>Source Files\Graphics</Filter>
    </ClCompile>
    <ClCompile Include="Source\MVC_Model.cpp">
      <Filter>Source Files\MVC</Filter>
    </ClCompile>
    <ClCompile Include="Source\MVC_Controller.cpp">
      <Filter>Source Files\MVC</Filter>
    </ClCompile>
    <ClCompile Include="Source\MVC_View.cpp">
      <Filter>Source Files\MVC</Filter>
    </ClCompile>
    <ClCompile Include="Source\TerrainCamera.cpp">
      <Filter>Source Files\Camera</Filter>
    </ClCompile>
    <ClCompile Include="Source\MVC_Model_3D.cpp">
      <Filter>Source Files\MVC</Filter>
    </ClCompile>
    <ClCompile Include="Source\Physics2D.cpp">
      <Filter>Source Files\GameObjects</Filter>
    </ClCompile>
    <ClCompile Include="Source\Collider2D.cpp">
      <Filter>Source Files\GameObjects</Filter>
    </ClCompile>
    <ClCompile Include="Source\TextObject.cpp">
      <Filter>Source Files\GameObjects</Filter>
    </ClCompile>
    <ClCompile Include="Source\GameObject2D.cpp">
      <Filter>Source Files\GameObjects</Filter>
    </ClCompile>
    <ClCompile Include="Source\ParticleEmitter.cpp">
      <Filter>Source Files</Filter>
    </ClCompile>
    <ClCompile Include="Source\CChar.cpp">
      <Filter>Source Files\Characters</Filter>
    </ClCompile>
    <ClCompile Include="Source\SpectreHexGame.cpp">
      <Filter>Source Files</Filter>
    </ClCompile>
    <ClCompile Include="Source\PhysicalObject.cpp">
      <Filter>Source Files</Filter>
    </ClCompile>
    <ClCompile Include="Source\Pathway.cpp">
      <Filter>Source Files</Filter>
    </ClCompile>
    <ClCompile Include="Source\MessageManager.cpp">
      <Filter>Source Files</Filter>
    </ClCompile>
    <ClCompile Include="Source\Menu.cpp">
      <Filter>Source Files\Menu</Filter>
    </ClCompile>
    <ClCompile Include="Source\MenuManager_Spectre.cpp">
      <Filter>Source Files\Menu</Filter>
    </ClCompile>
    <ClCompile Include="Source\MenuManager.cpp">
      <Filter>Source Files\Menu</Filter>
    </ClCompile>
    <ClCompile Include="Source\UIButton.cpp">
      <Filter>Source Files\Menu</Filter>
    </ClCompile>
    <ClCompile Include="Source\HUD.cpp">
      <Filter>Source Files\HUD</Filter>
    </ClCompile>
    <ClCompile Include="Source\HUD_Cooldown.cpp">
      <Filter>Source Files\HUD</Filter>
    </ClCompile>
    <ClCompile Include="Source\DepthFBO.cpp">
      <Filter>Source Files\Graphics</Filter>
    </ClCompile>
    <ClCompile Include="Source\MVC_Model_AI.cpp">
      <Filter>Source Files\MVC</Filter>
    </ClCompile>
    <ClCompile Include="Source\FSMState.cpp">
      <Filter>Source Files\AI</Filter>
    </ClCompile>
    <ClCompile Include="Source\NPC.cpp">
      <Filter>Source Files\AI</Filter>
    </ClCompile>
    <ClCompile Include="Source\SpyNPC.cpp">
      <Filter>Source Files</Filter>
    </ClCompile>
    <ClCompile Include="Source\Waypoint.cpp">
      <Filter>Source Files</Filter>
    </ClCompile>
    <ClCompile Include="Source\Guard.cpp">
      <Filter>Source Files</Filter>
    </ClCompile>
    <ClCompile Include="Source\PatrolState.cpp">
      <Filter>Source Files\States</Filter>
    </ClCompile>
    <ClCompile Include="Source\SlackState.cpp">
      <Filter>Source Files\States</Filter>
    </ClCompile>
    <ClCompile Include="Source\AttackedState.cpp">
      <Filter>States</Filter>
    </ClCompile>
    <ClCompile Include="Source\RespawnState.cpp">
      <Filter>Source Files</Filter>
    </ClCompile>
    <ClCompile Include="Source\BombState.cpp">
      <Filter>Source Files\States\NPCSpy</Filter>
    </ClCompile>
    <ClCompile Include="Source\HuntingEnemyState.cpp">
      <Filter>Source Files\States\NPCSpy</Filter>
    </ClCompile>
    <ClCompile Include="Source\MoveTargetState.cpp">
      <Filter>Source Files\States\NPCSpy</Filter>
    </ClCompile>
    <ClCompile Include="Source\RunTargetState.cpp">
      <Filter>Source Files\States\NPCSpy</Filter>
    </ClCompile>
    <ClCompile Include="Source\SneakTargetState.cpp">
      <Filter>Source Files\States\NPCSpy</Filter>
    </ClCompile>
    <ClCompile Include="Source\ToTargetState.cpp">
      <Filter>Source Files\States\NPCSpy</Filter>
    </ClCompile>
    <ClCompile Include="Source\RunEnemyState.cpp">
      <Filter>Source Files\States\NPCSpy</Filter>
    </ClCompile>
    <ClCompile Include="Source\StumbleState.cpp">
      <Filter>Source Files\States\NPCSpy</Filter>
    </ClCompile>
    <ClCompile Include="Source\RetreatState.cpp">
      <Filter>Source Files\States</Filter>
    </ClCompile>
    <ClCompile Include="Source\WakeUpState.cpp">
      <Filter>Source Files\States</Filter>
    </ClCompile>
    <ClCompile Include="Source\AttackState.cpp">
      <Filter>States</Filter>
    </ClCompile>
    <ClCompile Include="Source\KnockOutState.cpp">
      <Filter>Source Files\States</Filter>
    </ClCompile>
    <ClCompile Include="Source\RunToSpawnState.cpp">
      <Filter>Source Files\States\NPCSpy</Filter>
    </ClCompile>
    <ClCompile Include="Source\Car.cpp">
      <Filter>Source Files</Filter>
    </ClCompile>
    <ClCompile Include="Source\DrivingState.cpp">
      <Filter>Source Files\States\Car</Filter>
    </ClCompile>
    <ClCompile Include="Source\Character.cpp">
      <Filter>Source Files</Filter>
    </ClCompile>
  </ItemGroup>
  <ItemGroup>
    <ClInclude Include="Source\Utility.h">
      <Filter>Header Files</Filter>
    </ClInclude>
    <ClInclude Include="Source\Minimap.h">
      <Filter>Header Files</Filter>
    </ClInclude>
    <ClInclude Include="Source\Camera.h">
      <Filter>Header Files\Camera</Filter>
    </ClInclude>
    <ClInclude Include="Source\Camera2.h">
      <Filter>Header Files\Camera</Filter>
    </ClInclude>
    <ClInclude Include="Source\Camera3.h">
      <Filter>Header Files\Camera</Filter>
    </ClInclude>
    <ClInclude Include="Source\LoadHmap.h">
      <Filter>Header Files\Loaders</Filter>
    </ClInclude>
    <ClInclude Include="Source\LoadOBJ.h">
      <Filter>Header Files\Loaders</Filter>
    </ClInclude>
    <ClInclude Include="Source\LoadResource.h">
      <Filter>Header Files\Loaders</Filter>
    </ClInclude>
    <ClInclude Include="Source\LoadTGA.h">
      <Filter>Header Files\Loaders</Filter>
    </ClInclude>
    <ClInclude Include="Source\Light.h">
      <Filter>Header Files\Graphics</Filter>
    </ClInclude>
    <ClInclude Include="Source\Material.h">
      <Filter>Header Files\Graphics</Filter>
    </ClInclude>
    <ClInclude Include="Source\Mesh.h">
      <Filter>Header Files\Graphics</Filter>
    </ClInclude>
    <ClInclude Include="Source\MeshBuilder.h">
      <Filter>Header Files\Graphics</Filter>
    </ClInclude>
    <ClInclude Include="Source\shader.hpp">
      <Filter>Header Files\Graphics</Filter>
    </ClInclude>
    <ClInclude Include="Source\Vertex.h">
      <Filter>Header Files\Graphics</Filter>
    </ClInclude>
    <ClInclude Include="Source\SpriteAnimation.h">
      <Filter>Header Files\Graphics</Filter>
    </ClInclude>
    <ClInclude Include="Source\MVC_Model.h">
      <Filter>Header Files\MVC</Filter>
    </ClInclude>
    <ClInclude Include="Source\MVC_Controller.h">
      <Filter>Header Files\MVC</Filter>
    </ClInclude>
    <ClInclude Include="Source\MVC_View.h">
      <Filter>Header Files\MVC</Filter>
    </ClInclude>
    <ClInclude Include="Source\Fog.h">
      <Filter>Header Files\Graphics</Filter>
    </ClInclude>
    <ClInclude Include="Source\TerrainCamera.h">
      <Filter>Header Files\Camera</Filter>
    </ClInclude>
    <ClInclude Include="Source\MVC_Model_3D.h">
      <Filter>Header Files\MVC</Filter>
    </ClInclude>
    <ClInclude Include="Source\ParticleEmitter.h">
      <Filter>Header Files</Filter>
    </ClInclude>
    <ClInclude Include="Source\Collider2D.h">
      <Filter>Header Files\GameObjects</Filter>
    </ClInclude>
    <ClInclude Include="Source\TextObject.h">
      <Filter>Header Files\GameObjects</Filter>
    </ClInclude>
    <ClInclude Include="Source\GameObject2D.h">
      <Filter>Header Files\GameObjects</Filter>
    </ClInclude>
    <ClInclude Include="Source\Collider2D.h">
      <Filter>Header Files</Filter>
    </ClInclude>
    <ClInclude Include="Source\Physics2D.h">
      <Filter>Header Files\GameObjects</Filter>
    </ClInclude>
    <ClInclude Include="Source\CChar.h">
      <Filter>Header Files\Characters</Filter>
    </ClInclude>
    <ClInclude Include="Source\SpectreHexGame.h">
      <Filter>Header Files</Filter>
    </ClInclude>
    <ClInclude Include="Source\PhysicalObject.h">
      <Filter>Header Files</Filter>
    </ClInclude>
    <ClInclude Include="Source\PathPoint.h">
      <Filter>Header Files</Filter>
    </ClInclude>
    <ClInclude Include="Source\Pathway.h">
      <Filter>Header Files</Filter>
    </ClInclude>
    <ClInclude Include="Source\Direction.h">
      <Filter>Header Files</Filter>
    </ClInclude>
    <ClInclude Include="Source\MessageManager.h">
      <Filter>Header Files</Filter>
    </ClInclude>
    <ClInclude Include="Source\MenuManager.h">
      <Filter>Header Files\Menu</Filter>
    </ClInclude>
    <ClInclude Include="Source\Menu.h">
      <Filter>Header Files\Menu</Filter>
    </ClInclude>
    <ClInclude Include="Source\UIButton.h">
      <Filter>Header Files\Menu</Filter>
    </ClInclude>
    <ClInclude Include="Source\MenuManager_Spectre.h">
      <Filter>Header Files\Menu</Filter>
    </ClInclude>
    <ClInclude Include="Source\HUD.h">
      <Filter>Header Files\HUD</Filter>
    </ClInclude>
    <ClInclude Include="Source\HUD_Cooldown.h">
      <Filter>Header Files\HUD</Filter>
    </ClInclude>
    <ClInclude Include="Source\InputDevice.h">
      <Filter>Header Files</Filter>
    </ClInclude>
    <ClInclude Include="Source\DepthFBO.h">
      <Filter>Header Files\Graphics</Filter>
    </ClInclude>
    <ClInclude Include="Source\MVC_Model_AI.h">
      <Filter>Header Files\MVC</Filter>
    </ClInclude>
    <ClInclude Include="Source\NPC.h">
      <Filter>Header Files\AI</Filter>
    </ClInclude>
    <ClInclude Include="Source\FSMState.h">
      <Filter>Header Files\AI</Filter>
    </ClInclude>
    <ClInclude Include="Source\SpyNPC.h">
      <Filter>Header Files</Filter>
    </ClInclude>
    <ClInclude Include="Source\Waypoint.h">
      <Filter>Header Files</Filter>
    </ClInclude>
    <ClInclude Include="Source\Guard.h">
      <Filter>Header Files</Filter>
    </ClInclude>
    <ClInclude Include="Source\PatrolState.h">
      <Filter>Header Files\States</Filter>
    </ClInclude>
    <ClInclude Include="Source\SlackState.h">
      <Filter>Header Files\States</Filter>
    </ClInclude>
    <ClInclude Include="Source\AttackedState.h">
      <Filter>States</Filter>
    </ClInclude>
    <ClInclude Include="Source\RespawnState.h">
      <Filter>Header Files</Filter>
    </ClInclude>
    <ClInclude Include="Source\BombState.h">
      <Filter>Header Files\States\NPCSpy</Filter>
    </ClInclude>
    <ClInclude Include="Source\HuntingEnemyState.h">
      <Filter>Header Files\States\NPCSpy</Filter>
    </ClInclude>
    <ClInclude Include="Source\MoveTargetState.h">
      <Filter>Header Files\States\NPCSpy</Filter>
    </ClInclude>
    <ClInclude Include="Source\RunTargetState.h">
      <Filter>Header Files\States\NPCSpy</Filter>
    </ClInclude>
    <ClInclude Include="Source\ToTargetState.h">
      <Filter>Header Files\States\NPCSpy</Filter>
    </ClInclude>
    <ClInclude Include="Source\SneakTargetState.h">
      <Filter>Header Files\States\NPCSpy</Filter>
    </ClInclude>
    <ClInclude Include="Source\RunEnemyState.h">
      <Filter>Header Files\States\NPCSpy</Filter>
    </ClInclude>
    <ClInclude Include="Source\StumbleState.h">
      <Filter>Header Files\States\NPCSpy</Filter>
    </ClInclude>
    <ClInclude Include="Source\RetreatState.h">
      <Filter>Header Files\States</Filter>
    </ClInclude>
    <ClInclude Include="Source\KnockOutState.h">
      <Filter>Header Files\States</Filter>
    </ClInclude>
    <ClInclude Include="Source\WakeUpState.h">
      <Filter>Header Files\States</Filter>
    </ClInclude>
    <ClInclude Include="Source\Raycast.h">
      <Filter>Header Files</Filter>
    </ClInclude>
    <ClInclude Include="Source\AttackState.h">
      <Filter>States</Filter>
    </ClInclude>
    <ClInclude Include="Source\RunToSpawnState.h">
      <Filter>Header Files\States\NPCSpy</Filter>
    </ClInclude>
    <ClInclude Include="Source\Car.h">
      <Filter>Header Files</Filter>
    </ClInclude>
    <ClInclude Include="Source\DrivingState.h">
      <Filter>Header Files\States\NPCCar</Filter>
    </ClInclude>
    <ClInclude Include="Source\Character.h">
      <Filter>Characters</Filter>
    </ClInclude>
  </ItemGroup>
  <ItemGroup>
    <None Include="Shader\Text.fragmentshader">
      <Filter>Shader</Filter>
    </None>
    <None Include="Shader\Texture.vertexshader">
      <Filter>Shader</Filter>
    </None>
    <None Include="Shader\comg.fragmentshader">
      <Filter>Shader</Filter>
    </None>
    <None Include="Shader\comg.vertexshader">
      <Filter>Shader</Filter>
    </None>
    <None Include="Shader\Fog.vertexshader">
      <Filter>Shader</Filter>
    </None>
    <None Include="Shader\Fog.fragmentshader">
      <Filter>Shader</Filter>
    </None>
    <None Include="Shader\MultiTexture.fragmentshader">
      <Filter>Shader</Filter>
    </None>
    <None Include="Shader\GPass.fragmentshader">
      <Filter>Shader</Filter>
    </None>
    <None Include="Shader\GPass.vertexshader">
      <Filter>Shader</Filter>
    </None>
    <None Include="Shader\Shadow.fragmentshader">
      <Filter>Shader</Filter>
    </None>
    <None Include="Shader\Shadow.vertexshader">
      <Filter>Shader</Filter>
    </None>
  </ItemGroup>
</Project>