<?xml version="1.0" encoding="utf-8"?>
<Project ToolsVersion="4.0" xmlns="http://schemas.microsoft.com/developer/msbuild/2003">
  <ItemGroup>
    <Filter Include="Source Files">
      <UniqueIdentifier>{4FC737F1-C7A5-4376-A066-2A32D752A2FF}</UniqueIdentifier>
      <Extensions>cpp;c;cc;cxx;def;odl;idl;hpj;bat;asm;asmx</Extensions>
    </Filter>
    <Filter Include="Header Files">
      <UniqueIdentifier>{93995380-89BD-4b04-88EB-625FBE52EBFB}</UniqueIdentifier>
      <Extensions>h;hpp;hxx;hm;inl;inc;xsd</Extensions>
    </Filter>
    <Filter Include="Shader">
      <UniqueIdentifier>{67DA6AB6-F800-4c08-8B7A-83BB121AAD01}</UniqueIdentifier>
      <Extensions>rc;ico;cur;bmp;dlg;rc2;rct;bin;rgs;gif;jpg;jpeg;jpe;resx;tiff;tif;png;wav;mfcribbon-ms</Extensions>
    </Filter>
    <Filter Include="Header Files\Camera">
      <UniqueIdentifier>{5f41fd64-e36d-42d7-b3b2-7f62b054674a}</UniqueIdentifier>
    </Filter>
    <Filter Include="Header Files\GameObjects">
      <UniqueIdentifier>{40df83b1-7323-4918-a4ee-827ce7d71d11}</UniqueIdentifier>
    </Filter>
    <Filter Include="Header Files\Loaders">
      <UniqueIdentifier>{eaa42516-166a-44c2-a53a-d56ee058ad3f}</UniqueIdentifier>
    </Filter>
    <Filter Include="Header Files\Graphics">
      <UniqueIdentifier>{d75b030e-37db-4dd4-8d2d-f189b0cdb9dc}</UniqueIdentifier>
    </Filter>
    <Filter Include="Source Files\Camera">
      <UniqueIdentifier>{af7394d5-d6bd-41d4-8a95-bbaf74ad7be9}</UniqueIdentifier>
    </Filter>
    <Filter Include="Source Files\GameObjects">
      <UniqueIdentifier>{fe4c1fed-df50-464e-add3-c84a4949855a}</UniqueIdentifier>
    </Filter>
    <Filter Include="Source Files\Loaders">
      <UniqueIdentifier>{3462244f-e88c-48c6-b71e-dd08157c3c41}</UniqueIdentifier>
    </Filter>
    <Filter Include="Source Files\Graphics">
      <UniqueIdentifier>{5122bc50-5f1c-4626-aa63-247f45c470cf}</UniqueIdentifier>
    </Filter>
    <Filter Include="Header Files\MVC">
      <UniqueIdentifier>{e964a586-e051-4901-8130-bb468bc9e263}</UniqueIdentifier>
    </Filter>
    <Filter Include="Source Files\MVC">
      <UniqueIdentifier>{34a1e86a-40ba-4c46-a6f9-38ed957db99f}</UniqueIdentifier>
    </Filter>
    <Filter Include="Header Files\AI">
      <UniqueIdentifier>{0064917b-9056-42a7-b053-6337b5fada4d}</UniqueIdentifier>
    </Filter>
    <Filter Include="Source Files\AI">
      <UniqueIdentifier>{b844adde-dd63-4d91-baaa-f72cfea2d2e4}</UniqueIdentifier>
    </Filter>
    <Filter Include="Header Files\Characters">
      <UniqueIdentifier>{26f303dc-68f3-4c57-a76f-0fa7a5cd7027}</UniqueIdentifier>
    </Filter>
    <Filter Include="Source Files\Characters">
      <UniqueIdentifier>{0b3a2ab4-9f7f-43d2-b345-f8ae534b8249}</UniqueIdentifier>
    </Filter>
    <Filter Include="Header Files\Menu">
      <UniqueIdentifier>{0a0e3646-3c81-4624-9ecb-efbccad379ce}</UniqueIdentifier>
    </Filter>
    <Filter Include="Source Files\Menu">
      <UniqueIdentifier>{7897a99a-1cca-434d-8200-6b7c4d22f9e4}</UniqueIdentifier>
    </Filter>
    <Filter Include="Header Files\HUD">
      <UniqueIdentifier>{e3f8de4f-f3f3-4f0e-b223-79e8b9efcb48}</UniqueIdentifier>
    </Filter>
    <Filter Include="Source Files\HUD">
      <UniqueIdentifier>{5db677ca-5f32-46a3-b8ef-6642f7efa39e}</UniqueIdentifier>
    </Filter>
    <Filter Include="States">
      <UniqueIdentifier>{f8ac9d8a-3e6a-4013-b202-ca97a3021913}</UniqueIdentifier>
    </Filter>
    <Filter Include="Characters">
      <UniqueIdentifier>{13889be8-f8c5-4352-b558-73c3e1568b1a}</UniqueIdentifier>
    </Filter>
    <Filter Include="MessageBoard">
      <UniqueIdentifier>{449e1a07-20f6-468e-9360-56b624733e2e}</UniqueIdentifier>
    </Filter>
    <Filter Include="Enemy">
      <UniqueIdentifier>{f85e4880-11e3-428e-921c-48f727f4c05d}</UniqueIdentifier>
    </Filter>
    <Filter Include="Characters\States">
      <UniqueIdentifier>{4eb5c287-15e2-477f-8ccd-9bf3f63a2376}</UniqueIdentifier>
    </Filter>
  </ItemGroup>
  <ItemGroup>
    <ClCompile Include="Source\main.cpp">
      <Filter>Source Files</Filter>
    </ClCompile>
    <ClCompile Include="Source\Utility.cpp">
      <Filter>Source Files</Filter>
    </ClCompile>
    <ClCompile Include="Source\Minimap.cpp">
      <Filter>Source Files</Filter>
    </ClCompile>
    <ClCompile Include="Source\Camera.cpp">
      <Filter>Source Files\Camera</Filter>
    </ClCompile>
    <ClCompile Include="Source\Camera2.cpp">
      <Filter>Source Files\Camera</Filter>
    </ClCompile>
    <ClCompile Include="Source\Camera3.cpp">
      <Filter>Source Files\Camera</Filter>
    </ClCompile>
    <ClCompile Include="Source\LoadHmap.cpp">
      <Filter>Source Files\Loaders</Filter>
    </ClCompile>
    <ClCompile Include="Source\LoadOBJ.cpp">
      <Filter>Source Files\Loaders</Filter>
    </ClCompile>
    <ClCompile Include="Source\LoadResource.cpp">
      <Filter>Source Files\Loaders</Filter>
    </ClCompile>
    <ClCompile Include="Source\LoadTGA.cpp">
      <Filter>Source Files\Loaders</Filter>
    </ClCompile>
    <ClCompile Include="Source\Mesh.cpp">
      <Filter>Source Files\Graphics</Filter>
    </ClCompile>
    <ClCompile Include="Source\MeshBuilder.cpp">
      <Filter>Source Files\Graphics</Filter>
    </ClCompile>
    <ClCompile Include="Source\shader.cpp">
      <Filter>Source Files\Graphics</Filter>
    </ClCompile>
    <ClCompile Include="Source\SpriteAnimation.cpp">
      <Filter>Source Files\Graphics</Filter>
    </ClCompile>
    <ClCompile Include="Source\MVC_Model.cpp">
      <Filter>Source Files\MVC</Filter>
    </ClCompile>
    <ClCompile Include="Source\MVC_Controller.cpp">
      <Filter>Source Files\MVC</Filter>
    </ClCompile>
    <ClCompile Include="Source\MVC_View.cpp">
      <Filter>Source Files\MVC</Filter>
    </ClCompile>
    <ClCompile Include="Source\TerrainCamera.cpp">
      <Filter>Source Files\Camera</Filter>
    </ClCompile>
    <ClCompile Include="Source\MVC_Model_3D.cpp">
      <Filter>Source Files\MVC</Filter>
    </ClCompile>
    <ClCompile Include="Source\Physics2D.cpp">
      <Filter>Source Files\GameObjects</Filter>
    </ClCompile>
    <ClCompile Include="Source\Collider2D.cpp">
      <Filter>Source Files\GameObjects</Filter>
    </ClCompile>
    <ClCompile Include="Source\TextObject.cpp">
      <Filter>Source Files\GameObjects</Filter>
    </ClCompile>
    <ClCompile Include="Source\GameObject2D.cpp">
      <Filter>Source Files\GameObjects</Filter>
    </ClCompile>
    <ClCompile Include="Source\ParticleEmitter.cpp">
      <Filter>Source Files</Filter>
    </ClCompile>
    <ClCompile Include="Source\CChar.cpp">
      <Filter>Source Files\Characters</Filter>
    </ClCompile>
    <ClCompile Include="Source\SpectreHexGame.cpp">
      <Filter>Source Files</Filter>
    </ClCompile>
    <ClCompile Include="Source\PhysicalObject.cpp">
      <Filter>Source Files</Filter>
    </ClCompile>
    <ClCompile Include="Source\Pathway.cpp">
      <Filter>Source Files</Filter>
    </ClCompile>
    <ClCompile Include="Source\Menu.cpp">
      <Filter>Source Files\Menu</Filter>
    </ClCompile>
    <ClCompile Include="Source\MenuManager_Spectre.cpp">
      <Filter>Source Files\Menu</Filter>
    </ClCompile>
    <ClCompile Include="Source\MenuManager.cpp">
      <Filter>Source Files\Menu</Filter>
    </ClCompile>
    <ClCompile Include="Source\UIButton.cpp">
      <Filter>Source Files\Menu</Filter>
    </ClCompile>
    <ClCompile Include="Source\HUD.cpp">
      <Filter>Source Files\HUD</Filter>
    </ClCompile>
    <ClCompile Include="Source\HUD_Cooldown.cpp">
      <Filter>Source Files\HUD</Filter>
    </ClCompile>
    <ClCompile Include="Source\DepthFBO.cpp">
      <Filter>Source Files\Graphics</Filter>
    </ClCompile>
    <ClCompile Include="Source\MVC_Model_AI.cpp">
      <Filter>Source Files\MVC</Filter>
    </ClCompile>
    <ClCompile Include="Source\FSMState.cpp">
      <Filter>Source Files\AI</Filter>
    </ClCompile>
    <ClCompile Include="Source\NPC.cpp">
      <Filter>Source Files\AI</Filter>
    </ClCompile>
    <ClCompile Include="Source\Waypoint.cpp">
      <Filter>Source Files</Filter>
    </ClCompile>
    <ClCompile Include="Source\Character.cpp">
      <Filter>Characters</Filter>
    </ClCompile>
    <ClCompile Include="Source\DialogManager.cpp">
      <Filter>Source Files</Filter>
    </ClCompile>
    <ClCompile Include="Source\MessageBoard\Message.cpp">
      <Filter>MessageBoard</Filter>
    </ClCompile>
    <ClCompile Include="Source\MessageBoard\MessageBoard.cpp">
      <Filter>MessageBoard</Filter>
    </ClCompile>
    <ClCompile Include="Source\MessageBoard\MessageListener.cpp">
      <Filter>MessageBoard</Filter>
    </ClCompile>
    <ClCompile Include="Source\Enemy.cpp">
      <Filter>Enemy</Filter>
    </ClCompile>
    <ClCompile Include="Source\ActionState.cpp">
      <Filter>Characters\States</Filter>
    </ClCompile>
    <ClCompile Include="Source\AttackState.cpp">
      <Filter>Characters\States</Filter>
    </ClCompile>
    <ClCompile Include="Source\DefendState.cpp">
      <Filter>Characters\States</Filter>
    </ClCompile>
    <ClCompile Include="Source\PassState.cpp">
      <Filter>Characters\States</Filter>
    </ClCompile>
    <ClCompile Include="Source\StartTurnState.cpp">
      <Filter>Characters\States</Filter>
    </ClCompile>
    <ClCompile Include="Source\GameCharacter.cpp">
      <Filter>Characters</Filter>
    </ClCompile>
    <ClCompile Include="Source\EnemyActionState.cpp">
      <Filter>Source Files</Filter>
    </ClCompile>
    <ClCompile Include="Source\EnemyAttackActionState.cpp">
      <Filter>Source Files</Filter>
    </ClCompile>
    <ClCompile Include="Source\WaitState.cpp">
      <Filter>Source Files</Filter>
    </ClCompile>
    <ClCompile Include="Source\WaitForTurnState.cpp">
      <Filter>Characters\States</Filter>
    </ClCompile>
    <ClCompile Include="Source\StunnedState.cpp">
      <Filter>Characters\States</Filter>
    </ClCompile>
  </ItemGroup>
  <ItemGroup>
    <ClInclude Include="Source\Utility.h">
      <Filter>Header Files</Filter>
    </ClInclude>
    <ClInclude Include="Source\Minimap.h">
      <Filter>Header Files</Filter>
    </ClInclude>
    <ClInclude Include="Source\Camera.h">
      <Filter>Header Files\Camera</Filter>
    </ClInclude>
    <ClInclude Include="Source\Camera2.h">
      <Filter>Header Files\Camera</Filter>
    </ClInclude>
    <ClInclude Include="Source\Camera3.h">
      <Filter>Header Files\Camera</Filter>
    </ClInclude>
    <ClInclude Include="Source\LoadHmap.h">
      <Filter>Header Files\Loaders</Filter>
    </ClInclude>
    <ClInclude Include="Source\LoadOBJ.h">
      <Filter>Header Files\Loaders</Filter>
    </ClInclude>
    <ClInclude Include="Source\LoadResource.h">
      <Filter>Header Files\Loaders</Filter>
    </ClInclude>
    <ClInclude Include="Source\LoadTGA.h">
      <Filter>Header Files\Loaders</Filter>
    </ClInclude>
    <ClInclude Include="Source\Light.h">
      <Filter>Header Files\Graphics</Filter>
    </ClInclude>
    <ClInclude Include="Source\Material.h">
      <Filter>Header Files\Graphics</Filter>
    </ClInclude>
    <ClInclude Include="Source\Mesh.h">
      <Filter>Header Files\Graphics</Filter>
    </ClInclude>
    <ClInclude Include="Source\MeshBuilder.h">
      <Filter>Header Files\Graphics</Filter>
    </ClInclude>
    <ClInclude Include="Source\shader.hpp">
      <Filter>Header Files\Graphics</Filter>
    </ClInclude>
    <ClInclude Include="Source\Vertex.h">
      <Filter>Header Files\Graphics</Filter>
    </ClInclude>
    <ClInclude Include="Source\SpriteAnimation.h">
      <Filter>Header Files\Graphics</Filter>
    </ClInclude>
    <ClInclude Include="Source\MVC_Model.h">
      <Filter>Header Files\MVC</Filter>
    </ClInclude>
    <ClInclude Include="Source\MVC_Controller.h">
      <Filter>Header Files\MVC</Filter>
    </ClInclude>
    <ClInclude Include="Source\MVC_View.h">
      <Filter>Header Files\MVC</Filter>
    </ClInclude>
    <ClInclude Include="Source\Fog.h">
      <Filter>Header Files\Graphics</Filter>
    </ClInclude>
    <ClInclude Include="Source\TerrainCamera.h">
      <Filter>Header Files\Camera</Filter>
    </ClInclude>
    <ClInclude Include="Source\MVC_Model_3D.h">
      <Filter>Header Files\MVC</Filter>
    </ClInclude>
    <ClInclude Include="Source\ParticleEmitter.h">
      <Filter>Header Files</Filter>
    </ClInclude>
    <ClInclude Include="Source\Collider2D.h">
      <Filter>Header Files\GameObjects</Filter>
    </ClInclude>
    <ClInclude Include="Source\TextObject.h">
      <Filter>Header Files\GameObjects</Filter>
    </ClInclude>
    <ClInclude Include="Source\GameObject2D.h">
      <Filter>Header Files\GameObjects</Filter>
    </ClInclude>
    <ClInclude Include="Source\Collider2D.h">
      <Filter>Header Files</Filter>
    </ClInclude>
    <ClInclude Include="Source\Physics2D.h">
      <Filter>Header Files\GameObjects</Filter>
    </ClInclude>
    <ClInclude Include="Source\CChar.h">
      <Filter>Header Files\Characters</Filter>
    </ClInclude>
    <ClInclude Include="Source\SpectreHexGame.h">
      <Filter>Header Files</Filter>
    </ClInclude>
    <ClInclude Include="Source\PhysicalObject.h">
      <Filter>Header Files</Filter>
    </ClInclude>
    <ClInclude Include="Source\PathPoint.h">
      <Filter>Header Files</Filter>
    </ClInclude>
    <ClInclude Include="Source\Pathway.h">
      <Filter>Header Files</Filter>
    </ClInclude>
    <ClInclude Include="Source\Direction.h">
      <Filter>Header Files</Filter>
    </ClInclude>
    <ClInclude Include="Source\MenuManager.h">
      <Filter>Header Files\Menu</Filter>
    </ClInclude>
    <ClInclude Include="Source\Menu.h">
      <Filter>Header Files\Menu</Filter>
    </ClInclude>
    <ClInclude Include="Source\UIButton.h">
      <Filter>Header Files\Menu</Filter>
    </ClInclude>
    <ClInclude Include="Source\MenuManager_Spectre.h">
      <Filter>Header Files\Menu</Filter>
    </ClInclude>
    <ClInclude Include="Source\HUD.h">
      <Filter>Header Files\HUD</Filter>
    </ClInclude>
    <ClInclude Include="Source\HUD_Cooldown.h">
      <Filter>Header Files\HUD</Filter>
    </ClInclude>
    <ClInclude Include="Source\InputDevice.h">
      <Filter>Header Files</Filter>
    </ClInclude>
    <ClInclude Include="Source\DepthFBO.h">
      <Filter>Header Files\Graphics</Filter>
    </ClInclude>
    <ClInclude Include="Source\MVC_Model_AI.h">
      <Filter>Header Files\MVC</Filter>
    </ClInclude>
    <ClInclude Include="Source\NPC.h">
      <Filter>Header Files\AI</Filter>
    </ClInclude>
    <ClInclude Include="Source\FSMState.h">
      <Filter>Header Files\AI</Filter>
    </ClInclude>
    <ClInclude Include="Source\Waypoint.h">
      <Filter>Header Files</Filter>
    </ClInclude>
    <ClInclude Include="Source\Character.h">
      <Filter>Characters</Filter>
    </ClInclude>
    <ClInclude Include="Source\DialogManager.h">
      <Filter>Header Files</Filter>
    </ClInclude>
    <ClInclude Include="Source\MessageBoard\Message.h">
      <Filter>MessageBoard</Filter>
    </ClInclude>
    <ClInclude Include="Source\MessageBoard\MessageBoard.h">
      <Filter>MessageBoard</Filter>
    </ClInclude>
    <ClInclude Include="Source\MessageBoard\MessageListener.h">
      <Filter>MessageBoard</Filter>
    </ClInclude>
    <ClInclude Include="Source\Enemy.h">
      <Filter>Enemy</Filter>
    </ClInclude>
    <ClInclude Include="Source\Raycast.h">
      <Filter>Header Files</Filter>
    </ClInclude>
    <ClInclude Include="Source\ActionState.h">
      <Filter>Characters\States</Filter>
    </ClInclude>
    <ClInclude Include="Source\AttackState.h">
      <Filter>Characters\States</Filter>
    </ClInclude>
    <ClInclude Include="Source\DefendState.h">
      <Filter>Characters\States</Filter>
    </ClInclude>
    <ClInclude Include="Source\PassState.h">
      <Filter>Characters\States</Filter>
    </ClInclude>
    <ClInclude Include="Source\StartTurnState.h">
      <Filter>Characters\States</Filter>
    </ClInclude>
    <ClInclude Include="Source\MessageBoard\MessagePacket.h">
      <Filter>MessageBoard</Filter>
    </ClInclude>
    <ClInclude Include="Source\GameCharacter.h">
      <Filter>Characters</Filter>
    </ClInclude>
    <ClInclude Include="Source\EnemyActionState.h">
      <Filter>Header Files</Filter>
    </ClInclude>
    <ClInclude Include="Source\EnemyAttackActionState.h">
      <Filter>Header Files</Filter>
    </ClInclude>
    <ClInclude Include="Source\WaitState.h">
      <Filter>Header Files</Filter>
    </ClInclude>
    <ClInclude Include="Source\WaitForTurnState.h">
      <Filter>Characters\States</Filter>
    </ClInclude>
    <ClInclude Include="Source\StunnedState.h">
      <Filter>Characters\States</Filter>
    </ClInclude>
  </ItemGroup>
  <ItemGroup>
    <None Include="Shader\Text.fragmentshader">
      <Filter>Shader</Filter>
    </None>
    <None Include="Shader\Texture.vertexshader">
      <Filter>Shader</Filter>
    </None>
    <None Include="Shader\comg.fragmentshader">
      <Filter>Shader</Filter>
    </None>
    <None Include="Shader\comg.vertexshader">
      <Filter>Shader</Filter>
    </None>
    <None Include="Shader\Fog.vertexshader">
      <Filter>Shader</Filter>
    </None>
    <None Include="Shader\Fog.fragmentshader">
      <Filter>Shader</Filter>
    </None>
    <None Include="Shader\MultiTexture.fragmentshader">
      <Filter>Shader</Filter>
    </None>
    <None Include="Shader\GPass.fragmentshader">
      <Filter>Shader</Filter>
    </None>
    <None Include="Shader\GPass.vertexshader">
      <Filter>Shader</Filter>
    </None>
    <None Include="Shader\Shadow.fragmentshader">
      <Filter>Shader</Filter>
    </None>
    <None Include="Shader\Shadow.vertexshader">
      <Filter>Shader</Filter>
    </None>
  </ItemGroup>
</Project>